PODS:
  - AppAuth (1.4.0):
    - AppAuth/Core (= 1.4.0)
    - AppAuth/ExternalUserAgent (= 1.4.0)
  - AppAuth/Core (1.4.0)
  - AppAuth/ExternalUserAgent (1.4.0)
  - boost (1.76.0)
  - BVLinearGradient (2.5.6):
    - React
  - DoubleConversion (1.1.6)
  - FBLazyVector (0.68.0-rc.2)
  - FBReactNativeSpec (0.68.0-rc.2):
    - RCT-Folly (= 2021.06.28.00-v2)
    - RCTRequired (= 0.68.0-rc.2)
    - RCTTypeSafety (= 0.68.0-rc.2)
    - React-Core (= 0.68.0-rc.2)
    - React-jsi (= 0.68.0-rc.2)
    - ReactCommon/turbomodule/core (= 0.68.0-rc.2)
  - fmt (6.2.1)
  - glog (0.3.5)
  - GoogleSignIn (6.1.0):
    - AppAuth (~> 1.4)
    - GTMAppAuth (~> 1.0)
    - GTMSessionFetcher/Core (~> 1.1)
  - GTMAppAuth (1.2.2):
    - AppAuth/Core (~> 1.4)
    - GTMSessionFetcher/Core (~> 1.5)
  - GTMSessionFetcher/Core (1.7.0)
  - hermes-engine (0.11.0)
  - libevent (2.1.12)
  - Permission-LocationWhenInUse (3.3.0):
    - RNPermissions
  - RCT-Folly (2021.06.28.00-v2):
    - boost
    - DoubleConversion
    - fmt (~> 6.2.1)
    - glog
    - RCT-Folly/Default (= 2021.06.28.00-v2)
  - RCT-Folly/Default (2021.06.28.00-v2):
    - boost
    - DoubleConversion
    - fmt (~> 6.2.1)
    - glog
  - RCT-Folly/Futures (2021.06.28.00-v2):
    - boost
    - DoubleConversion
    - fmt (~> 6.2.1)
    - glog
    - libevent
  - RCTRequired (0.68.0-rc.2)
  - RCTTypeSafety (0.68.0-rc.2):
    - FBLazyVector (= 0.68.0-rc.2)
    - RCT-Folly (= 2021.06.28.00-v2)
    - RCTRequired (= 0.68.0-rc.2)
    - React-Core (= 0.68.0-rc.2)
  - React (0.68.0-rc.2):
    - React-Core (= 0.68.0-rc.2)
    - React-Core/DevSupport (= 0.68.0-rc.2)
    - React-Core/RCTWebSocket (= 0.68.0-rc.2)
    - React-RCTActionSheet (= 0.68.0-rc.2)
    - React-RCTAnimation (= 0.68.0-rc.2)
    - React-RCTBlob (= 0.68.0-rc.2)
    - React-RCTImage (= 0.68.0-rc.2)
    - React-RCTLinking (= 0.68.0-rc.2)
    - React-RCTNetwork (= 0.68.0-rc.2)
    - React-RCTSettings (= 0.68.0-rc.2)
    - React-RCTText (= 0.68.0-rc.2)
    - React-RCTVibration (= 0.68.0-rc.2)
  - React-callinvoker (0.68.0-rc.2)
  - React-Codegen (0.68.0-rc.2):
    - FBReactNativeSpec (= 0.68.0-rc.2)
    - RCT-Folly (= 2021.06.28.00-v2)
    - RCTRequired (= 0.68.0-rc.2)
    - RCTTypeSafety (= 0.68.0-rc.2)
    - React-Core (= 0.68.0-rc.2)
    - React-jsi (= 0.68.0-rc.2)
    - React-jsiexecutor (= 0.68.0-rc.2)
    - ReactCommon/turbomodule/core (= 0.68.0-rc.2)
  - React-Core (0.68.0-rc.2):
    - glog
    - RCT-Folly (= 2021.06.28.00-v2)
    - React-Core/Default (= 0.68.0-rc.2)
    - React-cxxreact (= 0.68.0-rc.2)
    - React-jsi (= 0.68.0-rc.2)
    - React-jsiexecutor (= 0.68.0-rc.2)
    - React-perflogger (= 0.68.0-rc.2)
    - Yoga
  - React-Core/CoreModulesHeaders (0.68.0-rc.2):
    - glog
    - RCT-Folly (= 2021.06.28.00-v2)
    - React-Core/Default
    - React-cxxreact (= 0.68.0-rc.2)
    - React-jsi (= 0.68.0-rc.2)
    - React-jsiexecutor (= 0.68.0-rc.2)
    - React-perflogger (= 0.68.0-rc.2)
    - Yoga
  - React-Core/Default (0.68.0-rc.2):
    - glog
    - RCT-Folly (= 2021.06.28.00-v2)
    - React-cxxreact (= 0.68.0-rc.2)
    - React-jsi (= 0.68.0-rc.2)
    - React-jsiexecutor (= 0.68.0-rc.2)
    - React-perflogger (= 0.68.0-rc.2)
    - Yoga
  - React-Core/DevSupport (0.68.0-rc.2):
    - glog
    - RCT-Folly (= 2021.06.28.00-v2)
    - React-Core/Default (= 0.68.0-rc.2)
    - React-Core/RCTWebSocket (= 0.68.0-rc.2)
    - React-cxxreact (= 0.68.0-rc.2)
    - React-jsi (= 0.68.0-rc.2)
    - React-jsiexecutor (= 0.68.0-rc.2)
    - React-jsinspector (= 0.68.0-rc.2)
    - React-perflogger (= 0.68.0-rc.2)
    - Yoga
  - React-Core/RCTActionSheetHeaders (0.68.0-rc.2):
    - glog
    - RCT-Folly (= 2021.06.28.00-v2)
    - React-Core/Default
    - React-cxxreact (= 0.68.0-rc.2)
    - React-jsi (= 0.68.0-rc.2)
    - React-jsiexecutor (= 0.68.0-rc.2)
    - React-perflogger (= 0.68.0-rc.2)
    - Yoga
  - React-Core/RCTAnimationHeaders (0.68.0-rc.2):
    - glog
    - RCT-Folly (= 2021.06.28.00-v2)
    - React-Core/Default
    - React-cxxreact (= 0.68.0-rc.2)
    - React-jsi (= 0.68.0-rc.2)
    - React-jsiexecutor (= 0.68.0-rc.2)
    - React-perflogger (= 0.68.0-rc.2)
    - Yoga
  - React-Core/RCTBlobHeaders (0.68.0-rc.2):
    - glog
    - RCT-Folly (= 2021.06.28.00-v2)
    - React-Core/Default
    - React-cxxreact (= 0.68.0-rc.2)
    - React-jsi (= 0.68.0-rc.2)
    - React-jsiexecutor (= 0.68.0-rc.2)
    - React-perflogger (= 0.68.0-rc.2)
    - Yoga
  - React-Core/RCTImageHeaders (0.68.0-rc.2):
    - glog
    - RCT-Folly (= 2021.06.28.00-v2)
    - React-Core/Default
    - React-cxxreact (= 0.68.0-rc.2)
    - React-jsi (= 0.68.0-rc.2)
    - React-jsiexecutor (= 0.68.0-rc.2)
    - React-perflogger (= 0.68.0-rc.2)
    - Yoga
  - React-Core/RCTLinkingHeaders (0.68.0-rc.2):
    - glog
    - RCT-Folly (= 2021.06.28.00-v2)
    - React-Core/Default
    - React-cxxreact (= 0.68.0-rc.2)
    - React-jsi (= 0.68.0-rc.2)
    - React-jsiexecutor (= 0.68.0-rc.2)
    - React-perflogger (= 0.68.0-rc.2)
    - Yoga
  - React-Core/RCTNetworkHeaders (0.68.0-rc.2):
    - glog
    - RCT-Folly (= 2021.06.28.00-v2)
    - React-Core/Default
    - React-cxxreact (= 0.68.0-rc.2)
    - React-jsi (= 0.68.0-rc.2)
    - React-jsiexecutor (= 0.68.0-rc.2)
    - React-perflogger (= 0.68.0-rc.2)
    - Yoga
  - React-Core/RCTSettingsHeaders (0.68.0-rc.2):
    - glog
    - RCT-Folly (= 2021.06.28.00-v2)
    - React-Core/Default
    - React-cxxreact (= 0.68.0-rc.2)
    - React-jsi (= 0.68.0-rc.2)
    - React-jsiexecutor (= 0.68.0-rc.2)
    - React-perflogger (= 0.68.0-rc.2)
    - Yoga
  - React-Core/RCTTextHeaders (0.68.0-rc.2):
    - glog
    - RCT-Folly (= 2021.06.28.00-v2)
    - React-Core/Default
    - React-cxxreact (= 0.68.0-rc.2)
    - React-jsi (= 0.68.0-rc.2)
    - React-jsiexecutor (= 0.68.0-rc.2)
    - React-perflogger (= 0.68.0-rc.2)
    - Yoga
  - React-Core/RCTVibrationHeaders (0.68.0-rc.2):
    - glog
    - RCT-Folly (= 2021.06.28.00-v2)
    - React-Core/Default
    - React-cxxreact (= 0.68.0-rc.2)
    - React-jsi (= 0.68.0-rc.2)
    - React-jsiexecutor (= 0.68.0-rc.2)
    - React-perflogger (= 0.68.0-rc.2)
    - Yoga
  - React-Core/RCTWebSocket (0.68.0-rc.2):
    - glog
    - RCT-Folly (= 2021.06.28.00-v2)
    - React-Core/Default (= 0.68.0-rc.2)
    - React-cxxreact (= 0.68.0-rc.2)
    - React-jsi (= 0.68.0-rc.2)
    - React-jsiexecutor (= 0.68.0-rc.2)
    - React-perflogger (= 0.68.0-rc.2)
    - Yoga
  - React-CoreModules (0.68.0-rc.2):
    - RCT-Folly (= 2021.06.28.00-v2)
    - RCTTypeSafety (= 0.68.0-rc.2)
    - React-Codegen (= 0.68.0-rc.2)
    - React-Core/CoreModulesHeaders (= 0.68.0-rc.2)
    - React-jsi (= 0.68.0-rc.2)
    - React-RCTImage (= 0.68.0-rc.2)
    - ReactCommon/turbomodule/core (= 0.68.0-rc.2)
  - React-cxxreact (0.68.0-rc.2):
    - boost (= 1.76.0)
    - DoubleConversion
    - glog
    - RCT-Folly (= 2021.06.28.00-v2)
    - React-callinvoker (= 0.68.0-rc.2)
    - React-jsi (= 0.68.0-rc.2)
    - React-jsinspector (= 0.68.0-rc.2)
    - React-logger (= 0.68.0-rc.2)
    - React-perflogger (= 0.68.0-rc.2)
    - React-runtimeexecutor (= 0.68.0-rc.2)
  - React-hermes (0.68.0-rc.2):
    - DoubleConversion
    - glog
    - hermes-engine
    - RCT-Folly (= 2021.06.28.00-v2)
    - RCT-Folly/Futures (= 2021.06.28.00-v2)
    - React-cxxreact (= 0.68.0-rc.2)
    - React-jsi (= 0.68.0-rc.2)
    - React-jsiexecutor (= 0.68.0-rc.2)
    - React-jsinspector (= 0.68.0-rc.2)
    - React-perflogger (= 0.68.0-rc.2)
  - React-jsi (0.68.0-rc.2):
    - boost (= 1.76.0)
    - DoubleConversion
    - glog
    - RCT-Folly (= 2021.06.28.00-v2)
    - React-jsi/Default (= 0.68.0-rc.2)
  - React-jsi/Default (0.68.0-rc.2):
    - boost (= 1.76.0)
    - DoubleConversion
    - glog
    - RCT-Folly (= 2021.06.28.00-v2)
  - React-jsiexecutor (0.68.0-rc.2):
    - DoubleConversion
    - glog
    - RCT-Folly (= 2021.06.28.00-v2)
    - React-cxxreact (= 0.68.0-rc.2)
    - React-jsi (= 0.68.0-rc.2)
    - React-perflogger (= 0.68.0-rc.2)
  - React-jsinspector (0.68.0-rc.2)
  - React-logger (0.68.0-rc.2):
    - glog
  - react-native-build-config (0.3.2):
    - React
  - react-native-camera (4.2.1):
    - React-Core
    - react-native-camera/RCT (= 4.2.1)
    - react-native-camera/RN (= 4.2.1)
  - react-native-camera/RCT (4.2.1):
    - React-Core
  - react-native-camera/RN (4.2.1):
    - React-Core
  - react-native-document-picker (8.0.0):
    - React-Core
  - react-native-fingerprint-scanner (6.0.0):
    - React
  - react-native-geolocation (2.0.2):
    - React
  - react-native-hash (2.0.1):
    - React
  - react-native-maps (0.30.1):
    - React-Core
  - react-native-safe-area-context (4.1.2):
    - RCT-Folly
    - RCTRequired
    - RCTTypeSafety
    - React
    - ReactCommon/turbomodule/core
  - react-native-slider (4.2.1):
    - React-Core
  - react-native-sqlite-storage (6.0.1):
    - React-Core
  - react-native-tor (0.1.8):
    - React
  - react-native-webview (11.17.2):
    - React-Core
  - React-perflogger (0.68.0-rc.2)
  - React-RCTActionSheet (0.68.0-rc.2):
    - React-Core/RCTActionSheetHeaders (= 0.68.0-rc.2)
  - React-RCTAnimation (0.68.0-rc.2):
    - RCT-Folly (= 2021.06.28.00-v2)
    - RCTTypeSafety (= 0.68.0-rc.2)
    - React-Codegen (= 0.68.0-rc.2)
    - React-Core/RCTAnimationHeaders (= 0.68.0-rc.2)
    - React-jsi (= 0.68.0-rc.2)
    - ReactCommon/turbomodule/core (= 0.68.0-rc.2)
  - React-RCTBlob (0.68.0-rc.2):
    - RCT-Folly (= 2021.06.28.00-v2)
    - React-Codegen (= 0.68.0-rc.2)
    - React-Core/RCTBlobHeaders (= 0.68.0-rc.2)
    - React-Core/RCTWebSocket (= 0.68.0-rc.2)
    - React-jsi (= 0.68.0-rc.2)
    - React-RCTNetwork (= 0.68.0-rc.2)
    - ReactCommon/turbomodule/core (= 0.68.0-rc.2)
  - React-RCTImage (0.68.0-rc.2):
    - RCT-Folly (= 2021.06.28.00-v2)
    - RCTTypeSafety (= 0.68.0-rc.2)
    - React-Codegen (= 0.68.0-rc.2)
    - React-Core/RCTImageHeaders (= 0.68.0-rc.2)
    - React-jsi (= 0.68.0-rc.2)
    - React-RCTNetwork (= 0.68.0-rc.2)
    - ReactCommon/turbomodule/core (= 0.68.0-rc.2)
  - React-RCTLinking (0.68.0-rc.2):
    - React-Codegen (= 0.68.0-rc.2)
    - React-Core/RCTLinkingHeaders (= 0.68.0-rc.2)
    - React-jsi (= 0.68.0-rc.2)
    - ReactCommon/turbomodule/core (= 0.68.0-rc.2)
  - React-RCTNetwork (0.68.0-rc.2):
    - RCT-Folly (= 2021.06.28.00-v2)
    - RCTTypeSafety (= 0.68.0-rc.2)
    - React-Codegen (= 0.68.0-rc.2)
    - React-Core/RCTNetworkHeaders (= 0.68.0-rc.2)
    - React-jsi (= 0.68.0-rc.2)
    - ReactCommon/turbomodule/core (= 0.68.0-rc.2)
  - React-RCTSettings (0.68.0-rc.2):
    - RCT-Folly (= 2021.06.28.00-v2)
    - RCTTypeSafety (= 0.68.0-rc.2)
    - React-Codegen (= 0.68.0-rc.2)
    - React-Core/RCTSettingsHeaders (= 0.68.0-rc.2)
    - React-jsi (= 0.68.0-rc.2)
    - ReactCommon/turbomodule/core (= 0.68.0-rc.2)
  - React-RCTText (0.68.0-rc.2):
    - React-Core/RCTTextHeaders (= 0.68.0-rc.2)
  - React-RCTVibration (0.68.0-rc.2):
    - RCT-Folly (= 2021.06.28.00-v2)
    - React-Codegen (= 0.68.0-rc.2)
    - React-Core/RCTVibrationHeaders (= 0.68.0-rc.2)
    - React-jsi (= 0.68.0-rc.2)
    - ReactCommon/turbomodule/core (= 0.68.0-rc.2)
  - React-runtimeexecutor (0.68.0-rc.2):
    - React-jsi (= 0.68.0-rc.2)
  - ReactCommon/turbomodule/core (0.68.0-rc.2):
    - DoubleConversion
    - glog
    - RCT-Folly (= 2021.06.28.00-v2)
    - React-callinvoker (= 0.68.0-rc.2)
    - React-Core (= 0.68.0-rc.2)
    - React-cxxreact (= 0.68.0-rc.2)
    - React-jsi (= 0.68.0-rc.2)
    - React-logger (= 0.68.0-rc.2)
    - React-perflogger (= 0.68.0-rc.2)
  - RNCAsyncStorage (1.12.1):
    - React-Core
  - RNCClipboard (1.5.1):
    - React-Core
  - RNCMaskedView (0.1.11):
    - React
  - RNCPushNotificationIOS (1.10.1):
    - React-Core
  - RNFS (2.19.0):
    - React-Core
  - RNGestureHandler (2.3.0):
    - React-Core
  - RNGoogleSignin (7.1.0):
    - GoogleSignIn (~> 6.1.0)
    - React-Core
  - RNICloudStore (0.1.0):
    - React
  - RNKeychain (4.0.5):
    - React
  - RNPermissions (3.3.0):
    - React-Core
  - RNReactNativeHapticFeedback (1.13.1):
    - React-Core
  - RNReanimated (1.13.3):
    - React-Core
  - RNScreens (3.13.1):
    - React-Core
    - React-RCTImage
  - RNSecureRandom (1.0.0):
    - React
  - RNSound (0.11.2):
    - React-Core
    - RNSound/Core (= 0.11.2)
  - RNSound/Core (0.11.2):
    - React-Core
  - RNSVG (12.3.0):
    - React-Core
  - RNVectorIcons (9.1.0):
    - React-Core
  - SwiftProtobuf (1.19.0)
  - Yoga (1.14.0)

DEPENDENCIES:
  - boost (from `../node_modules/react-native/third-party-podspecs/boost.podspec`)
  - BVLinearGradient (from `../node_modules/react-native-linear-gradient`)
  - DoubleConversion (from `../node_modules/react-native/third-party-podspecs/DoubleConversion.podspec`)
  - FBLazyVector (from `../node_modules/react-native/Libraries/FBLazyVector`)
  - FBReactNativeSpec (from `../node_modules/react-native/React/FBReactNativeSpec`)
  - glog (from `../node_modules/react-native/third-party-podspecs/glog.podspec`)
  - hermes-engine (~> 0.11.0)
  - libevent (~> 2.1.12)
  - Permission-LocationWhenInUse (from `../node_modules/react-native-permissions/ios/LocationWhenInUse`)
  - RCT-Folly (from `../node_modules/react-native/third-party-podspecs/RCT-Folly.podspec`)
  - RCTRequired (from `../node_modules/react-native/Libraries/RCTRequired`)
  - RCTTypeSafety (from `../node_modules/react-native/Libraries/TypeSafety`)
  - React (from `../node_modules/react-native/`)
  - React-callinvoker (from `../node_modules/react-native/ReactCommon/callinvoker`)
  - React-Codegen (from `build/generated/ios`)
  - React-Core (from `../node_modules/react-native/`)
  - React-Core/DevSupport (from `../node_modules/react-native/`)
  - React-Core/RCTWebSocket (from `../node_modules/react-native/`)
  - React-CoreModules (from `../node_modules/react-native/React/CoreModules`)
  - React-cxxreact (from `../node_modules/react-native/ReactCommon/cxxreact`)
  - React-hermes (from `../node_modules/react-native/ReactCommon/hermes`)
  - React-jsi (from `../node_modules/react-native/ReactCommon/jsi`)
  - React-jsiexecutor (from `../node_modules/react-native/ReactCommon/jsiexecutor`)
  - React-jsinspector (from `../node_modules/react-native/ReactCommon/jsinspector`)
  - React-logger (from `../node_modules/react-native/ReactCommon/logger`)
  - react-native-build-config (from `../node_modules/react-native-build-config`)
  - react-native-camera (from `../node_modules/react-native-camera`)
  - react-native-document-picker (from `../node_modules/react-native-document-picker`)
  - react-native-fingerprint-scanner (from `../node_modules/react-native-fingerprint-scanner`)
  - "react-native-geolocation (from `../node_modules/@react-native-community/geolocation`)"
  - react-native-hash (from `../node_modules/react-native-hash`)
  - react-native-maps (from `../node_modules/react-native-maps`)
  - react-native-safe-area-context (from `../node_modules/react-native-safe-area-context`)
  - "react-native-slider (from `../node_modules/@react-native-community/slider`)"
  - react-native-sqlite-storage (from `../node_modules/react-native-sqlite-storage`)
  - react-native-tor (from `../node_modules/react-native-tor`)
  - react-native-webview (from `../node_modules/react-native-webview`)
  - React-perflogger (from `../node_modules/react-native/ReactCommon/reactperflogger`)
  - React-RCTActionSheet (from `../node_modules/react-native/Libraries/ActionSheetIOS`)
  - React-RCTAnimation (from `../node_modules/react-native/Libraries/NativeAnimation`)
  - React-RCTBlob (from `../node_modules/react-native/Libraries/Blob`)
  - React-RCTImage (from `../node_modules/react-native/Libraries/Image`)
  - React-RCTLinking (from `../node_modules/react-native/Libraries/LinkingIOS`)
  - React-RCTNetwork (from `../node_modules/react-native/Libraries/Network`)
  - React-RCTSettings (from `../node_modules/react-native/Libraries/Settings`)
  - React-RCTText (from `../node_modules/react-native/Libraries/Text`)
  - React-RCTVibration (from `../node_modules/react-native/Libraries/Vibration`)
  - React-runtimeexecutor (from `../node_modules/react-native/ReactCommon/runtimeexecutor`)
  - ReactCommon/turbomodule/core (from `../node_modules/react-native/ReactCommon`)
  - "RNCAsyncStorage (from `../node_modules/@react-native-community/async-storage`)"
  - "RNCClipboard (from `../node_modules/@react-native-community/clipboard`)"
  - "RNCMaskedView (from `../node_modules/@react-native-community/masked-view`)"
  - "RNCPushNotificationIOS (from `../node_modules/@react-native-community/push-notification-ios`)"
  - RNFS (from `../node_modules/react-native-fs`)
  - RNGestureHandler (from `../node_modules/react-native-gesture-handler`)
  - "RNGoogleSignin (from `../node_modules/@react-native-google-signin/google-signin`)"
  - RNICloudStore (from `../node_modules/react-native-icloudstore`)
  - RNKeychain (from `../node_modules/react-native-keychain`)
  - RNPermissions (from `../node_modules/react-native-permissions`)
  - RNReactNativeHapticFeedback (from `../node_modules/react-native-haptic-feedback`)
  - RNReanimated (from `../node_modules/react-native-reanimated`)
  - RNScreens (from `../node_modules/react-native-screens`)
  - RNSecureRandom (from `../node_modules/react-native-securerandom`)
  - RNSound (from `../node_modules/react-native-sound`)
  - RNSVG (from `../node_modules/react-native-svg`)
  - RNVectorIcons (from `../node_modules/react-native-vector-icons`)
  - SwiftProtobuf (~> 1.0)
  - Yoga (from `../node_modules/react-native/ReactCommon/yoga`)

SPEC REPOS:
  trunk:
    - AppAuth
    - fmt
    - GoogleSignIn
    - GTMAppAuth
    - GTMSessionFetcher
    - hermes-engine
    - libevent
    - SwiftProtobuf

EXTERNAL SOURCES:
  boost:
    :podspec: "../node_modules/react-native/third-party-podspecs/boost.podspec"
  BVLinearGradient:
    :path: "../node_modules/react-native-linear-gradient"
  DoubleConversion:
    :podspec: "../node_modules/react-native/third-party-podspecs/DoubleConversion.podspec"
  FBLazyVector:
    :path: "../node_modules/react-native/Libraries/FBLazyVector"
  FBReactNativeSpec:
    :path: "../node_modules/react-native/React/FBReactNativeSpec"
  glog:
    :podspec: "../node_modules/react-native/third-party-podspecs/glog.podspec"
  Permission-LocationWhenInUse:
    :path: "../node_modules/react-native-permissions/ios/LocationWhenInUse"
  RCT-Folly:
    :podspec: "../node_modules/react-native/third-party-podspecs/RCT-Folly.podspec"
  RCTRequired:
    :path: "../node_modules/react-native/Libraries/RCTRequired"
  RCTTypeSafety:
    :path: "../node_modules/react-native/Libraries/TypeSafety"
  React:
    :path: "../node_modules/react-native/"
  React-callinvoker:
    :path: "../node_modules/react-native/ReactCommon/callinvoker"
  React-Codegen:
    :path: build/generated/ios
  React-Core:
    :path: "../node_modules/react-native/"
  React-CoreModules:
    :path: "../node_modules/react-native/React/CoreModules"
  React-cxxreact:
    :path: "../node_modules/react-native/ReactCommon/cxxreact"
  React-hermes:
    :path: "../node_modules/react-native/ReactCommon/hermes"
  React-jsi:
    :path: "../node_modules/react-native/ReactCommon/jsi"
  React-jsiexecutor:
    :path: "../node_modules/react-native/ReactCommon/jsiexecutor"
  React-jsinspector:
    :path: "../node_modules/react-native/ReactCommon/jsinspector"
  React-logger:
    :path: "../node_modules/react-native/ReactCommon/logger"
  react-native-build-config:
    :path: "../node_modules/react-native-build-config"
  react-native-camera:
    :path: "../node_modules/react-native-camera"
  react-native-document-picker:
    :path: "../node_modules/react-native-document-picker"
  react-native-fingerprint-scanner:
    :path: "../node_modules/react-native-fingerprint-scanner"
  react-native-geolocation:
    :path: "../node_modules/@react-native-community/geolocation"
  react-native-hash:
    :path: "../node_modules/react-native-hash"
  react-native-maps:
    :path: "../node_modules/react-native-maps"
  react-native-safe-area-context:
    :path: "../node_modules/react-native-safe-area-context"
  react-native-slider:
    :path: "../node_modules/@react-native-community/slider"
  react-native-sqlite-storage:
    :path: "../node_modules/react-native-sqlite-storage"
  react-native-tor:
    :path: "../node_modules/react-native-tor"
  react-native-webview:
    :path: "../node_modules/react-native-webview"
  React-perflogger:
    :path: "../node_modules/react-native/ReactCommon/reactperflogger"
  React-RCTActionSheet:
    :path: "../node_modules/react-native/Libraries/ActionSheetIOS"
  React-RCTAnimation:
    :path: "../node_modules/react-native/Libraries/NativeAnimation"
  React-RCTBlob:
    :path: "../node_modules/react-native/Libraries/Blob"
  React-RCTImage:
    :path: "../node_modules/react-native/Libraries/Image"
  React-RCTLinking:
    :path: "../node_modules/react-native/Libraries/LinkingIOS"
  React-RCTNetwork:
    :path: "../node_modules/react-native/Libraries/Network"
  React-RCTSettings:
    :path: "../node_modules/react-native/Libraries/Settings"
  React-RCTText:
    :path: "../node_modules/react-native/Libraries/Text"
  React-RCTVibration:
    :path: "../node_modules/react-native/Libraries/Vibration"
  React-runtimeexecutor:
    :path: "../node_modules/react-native/ReactCommon/runtimeexecutor"
  ReactCommon:
    :path: "../node_modules/react-native/ReactCommon"
  RNCAsyncStorage:
    :path: "../node_modules/@react-native-community/async-storage"
  RNCClipboard:
    :path: "../node_modules/@react-native-community/clipboard"
  RNCMaskedView:
    :path: "../node_modules/@react-native-community/masked-view"
  RNCPushNotificationIOS:
    :path: "../node_modules/@react-native-community/push-notification-ios"
  RNFS:
    :path: "../node_modules/react-native-fs"
  RNGestureHandler:
    :path: "../node_modules/react-native-gesture-handler"
  RNGoogleSignin:
    :path: "../node_modules/@react-native-google-signin/google-signin"
  RNICloudStore:
    :path: "../node_modules/react-native-icloudstore"
  RNKeychain:
    :path: "../node_modules/react-native-keychain"
  RNPermissions:
    :path: "../node_modules/react-native-permissions"
  RNReactNativeHapticFeedback:
    :path: "../node_modules/react-native-haptic-feedback"
  RNReanimated:
    :path: "../node_modules/react-native-reanimated"
  RNScreens:
    :path: "../node_modules/react-native-screens"
  RNSecureRandom:
    :path: "../node_modules/react-native-securerandom"
  RNSound:
    :path: "../node_modules/react-native-sound"
  RNSVG:
    :path: "../node_modules/react-native-svg"
  RNVectorIcons:
    :path: "../node_modules/react-native-vector-icons"
  Yoga:
    :path: "../node_modules/react-native/ReactCommon/yoga"

SPEC CHECKSUMS:
  AppAuth: 31bcec809a638d7bd2f86ea8a52bd45f6e81e7c7
  boost: a7c83b31436843459a1961bfd74b96033dc77234
  BVLinearGradient: e3aad03778a456d77928f594a649e96995f1c872
  DoubleConversion: 831926d9b8bf8166fd87886c4abab286c2422662
  FBLazyVector: 07eb8bb0d56ecb0c16f771d81f0f25008bc403b5
  FBReactNativeSpec: a315604de8a430bddffce793830dc1a5f3813b78
  fmt: ff9d55029c625d3757ed641535fd4a75fedc7ce9
  glog: 476ee3e89abb49e07f822b48323c51c57124b572
  GoogleSignIn: c90b5bec45e780f54c6a8e1e3c182a86e3dda69d
  GTMAppAuth: ad5c2b70b9a8689e1a04033c9369c4915bfcbe89
  GTMSessionFetcher: 43748f93435c2aa068b1cbe39655aaf600652e91
  hermes-engine: 84e3af1ea01dd7351ac5d8689cbbea1f9903ffc3
  libevent: 4049cae6c81cdb3654a443be001fb9bdceff7913
  Permission-LocationWhenInUse: 9be81f411058a40ef6616825062fc74cec660cc9
  RCT-Folly: 803a9cfd78114b2ec0f140cfa6fa2a6bafb2d685
  RCTRequired: 180eaa134050e3315986c2ae145f3674be78ae3e
  RCTTypeSafety: 91d830366397fae0974496104cedce043279045d
  React: f6ee8a53d6212d8939ce92a537cb4b179dc01109
  React-callinvoker: 62fc4e32f979e20a321d60e37c792b70c210244b
  React-Codegen: d1c1b8d5ae78b10e01b93be321bf3760e0bbe925
  React-Core: d894f74339f2c56bf2d4e87c20f135b34803d676
  React-CoreModules: 89cdf26ecff5d019f5e73c2cb750abc9f2657c87
  React-cxxreact: f7bad9461a1570a1871b9f2b3276ccd989253562
  React-hermes: 111e0a44755739a28e48a307b1867de7b680d564
  React-jsi: ef80f544ee1c0b9d7d29b33963520fafd9992fa9
  React-jsiexecutor: 352a2d26dd981cf2586e144196ae0972fd7ee0d0
  React-jsinspector: f5ae77343a320a7d644b424ab4808c7827f3a1b3
  React-logger: 2fa2f7404a8f41ed2c787e1bb84d13343f2997cf
  react-native-build-config: 1130ad8668ca251b65e95e002b5b8f308a96726f
  react-native-camera: 3eae183c1d111103963f3dd913b65d01aef8110f
  react-native-document-picker: 429972f7ece4463aa5bcdd789622b3a674a3c5d1
  react-native-fingerprint-scanner: ac6656f18c8e45a7459302b84da41a44ad96dbbe
  react-native-geolocation: c956aeb136625c23e0dce0467664af2c437888c9
  react-native-hash: 02cff6a5933caf6a0b642d08ab1b46ed574b90dd
  react-native-maps: d752b0dd0e1951d815b1336332835aab6b4a836f
  react-native-safe-area-context: 114e9a74df2643012b9d6cc1460b94f3b6a90780
  react-native-slider: 241935e3ea8e47599c317f512f96ee8de607d4cb
  react-native-sqlite-storage: f6d515e1c446d1e6d026aa5352908a25d4de3261
  react-native-tor: 3b14e9160b2eb7fa3f310921b2dee71a5171e5b7
  react-native-webview: 380c1a03ec94b7ed764dac8db1e7c9952d08c93a
  React-perflogger: 3bf9ae62c5bff7308a3886ab4e51f4420bfa16c0
  React-RCTActionSheet: d056d06abe9e0a7c59a6dbd6103a323417bdc901
  React-RCTAnimation: 34339473f0ebaf7b183a2344a1fe6a18da6162a8
  React-RCTBlob: 08c8d788b269ff3ea1df236a33b91d1cfaed0f0d
  React-RCTImage: a4d41a79b2a1cbfdbf779907f803f57ebbb85af1
  React-RCTLinking: a98387924d98d68e686ebaa539bf0523ebb3d61c
  React-RCTNetwork: dc08d04b3f49c42fcc6d56c869fd98542945d48a
  React-RCTSettings: 45a6f0a9a45eb0f1f0272c359af8ce6957b6eb10
  React-RCTText: b88155b89ba6fb2d4e21d17dce575d0fc206a7b1
  React-RCTVibration: 25ef5d6f6141ea389d41d93d5a2ca1b4771920b4
  React-runtimeexecutor: 37e5fa0b81067a8e487391e2816bae8813b226a5
  ReactCommon: 4c7431a20d472996669b2230f34df0115bf5dc8d
  RNCAsyncStorage: b03032fdbdb725bea0bd9e5ec5a7272865ae7398
  RNCClipboard: 41d8d918092ae8e676f18adada19104fa3e68495
  RNCMaskedView: 0e1bc4bfa8365eba5fbbb71e07fbdc0555249489
  RNCPushNotificationIOS: 87b8d16d3ede4532745e05b03c42cff33a36cc45
  RNFS: fc610f78fdf8bfc89a9e5cc2f898519f4dba1002
  RNGestureHandler: 77d59828d40838c9fabb76a12d2d0a80c006906f
  RNGoogleSignin: 233fdfa02522216c19bf02a1e6c60b60a75ffb4c
  RNICloudStore: bc6e225811637c09bd1eb055d6cd7448e61cd451
  RNKeychain: 840f8e6f13be0576202aefcdffd26a4f54bfe7b5
  RNPermissions: bcd846e8f5a7f39e921cc7ca7172e2de0e698b6f
  RNReactNativeHapticFeedback: 4085973f5a38b40d3c6793a3ee5724773eae045e
  RNReanimated: 514a11da3a2bcc6c3dfd9de32b38e2b9bf101926
  RNScreens: 40a2cb40a02a609938137a1e0acfbf8fc9eebf19
  RNSecureRandom: 0dcee021fdb3d50cd5cee5db0ebf583c42f5af0e
  RNSound: 6c156f925295bdc83e8e422e7d8b38d33bc71852
  RNSVG: 302bfc9905bd8122f08966dc2ce2d07b7b52b9f8
  RNVectorIcons: 7923e585eaeb139b9f4531d25a125a1500162a0b
  SwiftProtobuf: 6ef3f0e422ef90d6605ca20b21a94f6c1324d6b3
  Yoga: d7b12009fb66b91a161cddf00c349d42a0015de2

PODFILE CHECKSUM: 927c20a12f1de4a478b87a1af4f1648f64294f2c

COCOAPODS: 1.10.1
